<?xml version="1.0" encoding="utf-8"?>
<Project ToolsVersion="4.0" xmlns="http://schemas.microsoft.com/developer/msbuild/2003">
  <ItemGroup>
    <Filter Include="ソース ファイル">
      <UniqueIdentifier>{4FC737F1-C7A5-4376-A066-2A32D752A2FF}</UniqueIdentifier>
      <Extensions>cpp;c;cc;cxx;c++;cppm;ixx;def;odl;idl;hpj;bat;asm;asmx</Extensions>
    </Filter>
    <Filter Include="ヘッダー ファイル">
      <UniqueIdentifier>{93995380-89BD-4b04-88EB-625FBE52EBFB}</UniqueIdentifier>
      <Extensions>h;hh;hpp;hxx;h++;hm;inl;inc;ipp;xsd</Extensions>
    </Filter>
    <Filter Include="リソース ファイル">
      <UniqueIdentifier>{67DA6AB6-F800-4c08-8B7A-83BB121AAD01}</UniqueIdentifier>
      <Extensions>rc;ico;cur;bmp;dlg;rc2;rct;bin;rgs;gif;jpg;jpeg;jpe;resx;tiff;tif;png;wav;mfcribbon-ms</Extensions>
    </Filter>
    <Filter Include="imgui">
      <UniqueIdentifier>{b07034c3-2d41-439e-91e5-ac7d068b16f2}</UniqueIdentifier>
    </Filter>
    <Filter Include="Music">
      <UniqueIdentifier>{2e84dc7b-27fa-4082-bfa6-83fb3fb98629}</UniqueIdentifier>
    </Filter>
    <Filter Include="Input">
      <UniqueIdentifier>{71cdaf64-7385-4b3e-919e-6541408a0d05}</UniqueIdentifier>
    </Filter>
    <Filter Include="Common">
      <UniqueIdentifier>{82bfec0a-2d07-4c17-a917-572a43c36529}</UniqueIdentifier>
    </Filter>
    <Filter Include="Common\Vector">
      <UniqueIdentifier>{8b1fbb18-d537-4ed8-aee2-25c244228a9f}</UniqueIdentifier>
    </Filter>
    <Filter Include="Common\Matrix">
      <UniqueIdentifier>{44a6bb54-c085-4cf7-ac16-4b4430b003ba}</UniqueIdentifier>
    </Filter>
    <Filter Include="Advanced">
      <UniqueIdentifier>{b65f3c2e-68b8-428e-989d-0ef105d11d18}</UniqueIdentifier>
    </Filter>
    <Filter Include="Common\Functions">
      <UniqueIdentifier>{fb08376d-97b2-4e6f-97a1-9f43f7c0c384}</UniqueIdentifier>
    </Filter>
    <Filter Include="Core">
      <UniqueIdentifier>{37575191-edb4-460c-9ff7-002ef7d3d54d}</UniqueIdentifier>
    </Filter>
    <Filter Include="Core\Command">
      <UniqueIdentifier>{1125dd49-756c-4f37-8066-56338603e718}</UniqueIdentifier>
    </Filter>
    <Filter Include="Core\DebugTeam">
      <UniqueIdentifier>{aeced32e-848a-4d6e-b771-20c2c0bb1419}</UniqueIdentifier>
    </Filter>
    <Filter Include="ResourceView">
      <UniqueIdentifier>{e5decfee-77fc-4db9-9546-b56e6f7f4819}</UniqueIdentifier>
    </Filter>
    <Filter Include="ResourceView\PipelineStateObject">
      <UniqueIdentifier>{ac395bff-e14e-4703-bcd6-05dec05fb553}</UniqueIdentifier>
    </Filter>
    <Filter Include="Objects">
      <UniqueIdentifier>{183125af-291c-4b32-891b-53febd541f4f}</UniqueIdentifier>
    </Filter>
    <Filter Include="Objects\Model">
      <UniqueIdentifier>{62082bfc-8ad8-442c-8ece-436a3c4c7e5f}</UniqueIdentifier>
    </Filter>
    <Filter Include="Objects\Primitive">
      <UniqueIdentifier>{b2e93039-8c54-44fd-b094-585c6030dab9}</UniqueIdentifier>
    </Filter>
    <Filter Include="UsefulTool">
      <UniqueIdentifier>{63c7b401-3a1a-4c83-b1a9-768566e34b20}</UniqueIdentifier>
    </Filter>
    <Filter Include="UsefulTool\Camera">
      <UniqueIdentifier>{9b79ef11-d094-4927-a325-ba44865bac8e}</UniqueIdentifier>
    </Filter>
    <Filter Include="UsefulTool\Light">
      <UniqueIdentifier>{4861fd1a-3f45-4f97-9dc0-706166aeb207}</UniqueIdentifier>
    </Filter>
    <Filter Include="UsefulTool\OSR">
      <UniqueIdentifier>{4bcca42f-af47-4045-9c75-02a6243e7bf8}</UniqueIdentifier>
    </Filter>
    <Filter Include="UsefulTool\Time">
      <UniqueIdentifier>{7d4c0291-ada0-4787-bbc2-5c54a71be084}</UniqueIdentifier>
    </Filter>
    <Filter Include="UsefulTool\Easing">
      <UniqueIdentifier>{74a47522-2689-4d21-9d2f-b123fd0a4c34}</UniqueIdentifier>
    </Filter>
    <Filter Include="UsefulTool\Random">
      <UniqueIdentifier>{bf730b97-464f-456a-9b90-dae3ac4f4071}</UniqueIdentifier>
    </Filter>
    <Filter Include="Scene">
      <UniqueIdentifier>{66cdf496-1406-412f-8459-8d24f4b21b89}</UniqueIdentifier>
    </Filter>
    <Filter Include="UsefulTool\GridLine">
      <UniqueIdentifier>{d0e9114e-ea52-4c3c-a00d-517d8ebb8861}</UniqueIdentifier>
    </Filter>
    <Filter Include="Common\MathUtils">
      <UniqueIdentifier>{aea72bed-0efe-445c-8125-f51c82857f8e}</UniqueIdentifier>
    </Filter>
  </ItemGroup>
  <ItemGroup>
    <ClCompile Include="main.cpp">
      <Filter>ソース ファイル</Filter>
    </ClCompile>
    <ClCompile Include="externals\imgui\imgui.cpp">
      <Filter>imgui</Filter>
    </ClCompile>
    <ClCompile Include="externals\imgui\imgui_demo.cpp">
      <Filter>imgui</Filter>
    </ClCompile>
    <ClCompile Include="externals\imgui\imgui_draw.cpp">
      <Filter>imgui</Filter>
    </ClCompile>
    <ClCompile Include="externals\imgui\imgui_impl_dx12.cpp">
      <Filter>imgui</Filter>
    </ClCompile>
    <ClCompile Include="externals\imgui\imgui_impl_win32.cpp">
      <Filter>imgui</Filter>
    </ClCompile>
    <ClCompile Include="externals\imgui\imgui_tables.cpp">
      <Filter>imgui</Filter>
    </ClCompile>
    <ClCompile Include="externals\imgui\imgui_widgets.cpp">
      <Filter>imgui</Filter>
    </ClCompile>
    <ClCompile Include="Music\Audio.cpp">
      <Filter>Music</Filter>
    </ClCompile>
    <ClCompile Include="Music\BGM.cpp">
      <Filter>Music</Filter>
    </ClCompile>
    <ClCompile Include="Music\Music.cpp">
      <Filter>Music</Filter>
    </ClCompile>
    <ClCompile Include="Music\SE.cpp">
      <Filter>Music</Filter>
    </ClCompile>
    <ClCompile Include="Input\InputManager.cpp">
      <Filter>Input</Filter>
    </ClCompile>
    <ClCompile Include="Input\Key.cpp">
      <Filter>Input</Filter>
    </ClCompile>
    <ClCompile Include="Input\Mouse.cpp">
      <Filter>Input</Filter>
    </ClCompile>
    <ClCompile Include="Common\Vector\Vector3.cpp">
      <Filter>Common\Vector</Filter>
    </ClCompile>
    <ClCompile Include="Common\Matrix\Matrix4x4.cpp">
      <Filter>Common\Matrix</Filter>
    </ClCompile>
    <ClCompile Include="Common\Functions\Trigonometric.cpp">
      <Filter>Common\Functions</Filter>
    </ClCompile>
    <ClCompile Include="Core\Window.cpp">
      <Filter>Core</Filter>
    </ClCompile>
    <ClCompile Include="Core\Command\CommandList.cpp">
      <Filter>Core\Command</Filter>
    </ClCompile>
    <ClCompile Include="Core\Command\CommandQueue.cpp">
      <Filter>Core\Command</Filter>
    </ClCompile>
    <ClCompile Include="Core\Command\TheOrderCommand.cpp">
      <Filter>Core\Command</Filter>
    </ClCompile>
    <ClCompile Include="Core\D3D12System.cpp">
      <Filter>Core</Filter>
    </ClCompile>
    <ClCompile Include="Core\DXGI.cpp">
      <Filter>Core</Filter>
    </ClCompile>
    <ClCompile Include="Core\OmnisTechOracle.cpp">
      <Filter>Core</Filter>
    </ClCompile>
    <ClCompile Include="Core\TachyonSync.cpp">
      <Filter>Core</Filter>
    </ClCompile>
    <ClCompile Include="Core\DebugTeam\ErrorGuardian.cpp">
      <Filter>Core\DebugTeam</Filter>
    </ClCompile>
    <ClCompile Include="Core\DebugTeam\Log.cpp">
      <Filter>Core\DebugTeam</Filter>
    </ClCompile>
    <ClCompile Include="Core\DebugTeam\ImGuiManager.cpp">
      <Filter>Core\DebugTeam</Filter>
    </ClCompile>
    <ClCompile Include="ResourceView\RenderTargetView.cpp">
      <Filter>ResourceView</Filter>
    </ClCompile>
    <ClCompile Include="ResourceView\ShaderResourceView.cpp">
      <Filter>ResourceView</Filter>
    </ClCompile>
    <ClCompile Include="ResourceView\DepthStencil.cpp">
      <Filter>ResourceView</Filter>
    </ClCompile>
    <ClCompile Include="ResourceView\DescriptorHeap.cpp">
      <Filter>ResourceView</Filter>
    </ClCompile>
    <ClCompile Include="ResourceView\PipelineStateObject\BlendState.cpp">
      <Filter>ResourceView\PipelineStateObject</Filter>
    </ClCompile>
    <ClCompile Include="ResourceView\PipelineStateObject\DXC.cpp">
      <Filter>ResourceView\PipelineStateObject</Filter>
    </ClCompile>
    <ClCompile Include="ResourceView\PipelineStateObject\InputLayout.cpp">
      <Filter>ResourceView\PipelineStateObject</Filter>
    </ClCompile>
    <ClCompile Include="ResourceView\PipelineStateObject\RasterizerState.cpp">
      <Filter>ResourceView\PipelineStateObject</Filter>
    </ClCompile>
    <ClCompile Include="ResourceView\PipelineStateObject\RootSignature.cpp">
      <Filter>ResourceView\PipelineStateObject</Filter>
    </ClCompile>
    <ClCompile Include="ResourceView\SwapChain.cpp">
      <Filter>ResourceView</Filter>
    </ClCompile>
    <ClCompile Include="ResourceView\Fence.cpp">
      <Filter>ResourceView</Filter>
    </ClCompile>
    <ClCompile Include="Fngine.cpp">
      <Filter>ソース ファイル</Filter>
    </ClCompile>
    <ClCompile Include="ResourceView\PipelineStateObject\PipelineStateObject.cpp">
      <Filter>ResourceView\PipelineStateObject</Filter>
    </ClCompile>
    <ClCompile Include="Objects\Model\ModelObject.cpp">
      <Filter>Objects\Model</Filter>
    </ClCompile>
    <ClCompile Include="Objects\Primitive\SphereObject.cpp">
      <Filter>Objects\Primitive</Filter>
    </ClCompile>
    <ClCompile Include="Objects\Primitive\SpriteObject.cpp">
      <Filter>Objects\Primitive</Filter>
    </ClCompile>
    <ClCompile Include="Objects\Primitive\TriangleObject.cpp">
      <Filter>Objects\Primitive</Filter>
    </ClCompile>
    <ClCompile Include="Objects\ObjectBase.cpp">
      <Filter>Objects</Filter>
    </ClCompile>
    <ClCompile Include="ResourceView\ResourceBarrier.cpp">
      <Filter>ResourceView</Filter>
    </ClCompile>
    <ClCompile Include="ResourceView\ResourceFunc.cpp">
      <Filter>ResourceView</Filter>
    </ClCompile>
    <ClCompile Include="ResourceView\Texture.cpp">
      <Filter>ResourceView</Filter>
    </ClCompile>
    <ClCompile Include="UsefulTool\Camera\CameraBase.cpp">
      <Filter>UsefulTool\Camera</Filter>
    </ClCompile>
    <ClCompile Include="UsefulTool\Camera\DebugCamera.cpp">
      <Filter>UsefulTool\Camera</Filter>
    </ClCompile>
    <ClCompile Include="UsefulTool\Light\DirectionLight.cpp">
      <Filter>UsefulTool\Light</Filter>
    </ClCompile>
    <ClCompile Include="UsefulTool\OSR\OffScreenRendering.cpp">
      <Filter>UsefulTool\OSR</Filter>
    </ClCompile>
    <ClCompile Include="UsefulTool\Time\Chronos.cpp">
      <Filter>UsefulTool\Time</Filter>
    </ClCompile>
    <ClCompile Include="Advanced\AABB.cpp">
      <Filter>Advanced</Filter>
    </ClCompile>
    <ClCompile Include="Objects\Primitive\LineObject.cpp">
      <Filter>Objects\Primitive</Filter>
    </ClCompile>
    <ClCompile Include="Objects\ModelManager.cpp">
      <Filter>Objects</Filter>
    </ClCompile>
    <ClCompile Include="UsefulTool\Easing\Easing.cpp">
      <Filter>UsefulTool\Easing</Filter>
    </ClCompile>
    <ClCompile Include="UsefulTool\Random\RandomUtils.cpp">
      <Filter>UsefulTool\Random</Filter>
    </ClCompile>
    <ClCompile Include="Scene\Scene.cpp">
      <Filter>Scene</Filter>
    </ClCompile>
    <ClCompile Include="Scene\GameScene.cpp">
      <Filter>Scene</Filter>
    </ClCompile>
    <ClCompile Include="Scene\SceneDirector.cpp">
      <Filter>Scene</Filter>
    </ClCompile>
    <ClCompile Include="UsefulTool\GridLine\GridLine.cpp">
      <Filter>UsefulTool\GridLine</Filter>
    </ClCompile>
    <ClCompile Include="Player.cpp">
      <Filter>ソース ファイル</Filter>
    </ClCompile>
    <ClCompile Include="Advanced\Transform.cpp">
      <Filter>Advanced</Filter>
    </ClCompile>
    <ClCompile Include="Advanced\WorldTransform.cpp">
      <Filter>Advanced</Filter>
    </ClCompile>
    <ClCompile Include="PlayerBullet.cpp">
      <Filter>ソース ファイル</Filter>
    </ClCompile>
    <ClCompile Include="Common\MathUtils\MathUtils.cpp">
      <Filter>Common\MathUtils</Filter>
    </ClCompile>
    <ClCompile Include="Enemy.cpp">
      <Filter>ソース ファイル</Filter>
    </ClCompile>
    <ClCompile Include="EnemyState.cpp">
      <Filter>ソース ファイル</Filter>
    </ClCompile>
    <ClCompile Include="EnemyBullet.cpp">
      <Filter>ソース ファイル</Filter>
    </ClCompile>
    <ClCompile Include="TimedCall.cpp">
      <Filter>ソース ファイル</Filter>
    </ClCompile>
    <ClCompile Include="Collider.cpp">
      <Filter>ソース ファイル</Filter>
    </ClCompile>
    <ClCompile Include="CollisionManager.cpp">
      <Filter>ソース ファイル</Filter>
    </ClCompile>
    <ClCompile Include="SkyDome.cpp">
      <Filter>ソース ファイル</Filter>
    </ClCompile>
    <ClCompile Include="Ground.cpp">
      <Filter>ソース ファイル</Filter>
    </ClCompile>
    <ClCompile Include="RailCameraController.cpp">
      <Filter>ソース ファイル</Filter>
    </ClCompile>
    <ClCompile Include="GamePad.cpp">
      <Filter>ソース ファイル</Filter>
    </ClCompile>
    <ClCompile Include="LockOn.cpp">
      <Filter>ソース ファイル</Filter>
    </ClCompile>
    <ClCompile Include="Common\Vector\Vector2.cpp">
      <Filter>Common\Vector</Filter>
    </ClCompile>
  </ItemGroup>
  <ItemGroup>
    <FxCompile Include="Object3d.VS.hlsl" />
    <FxCompile Include="Object3d.PS.hlsl" />
  </ItemGroup>
  <ItemGroup>
    <ClInclude Include="externals\imgui\imconfig.h">
      <Filter>imgui</Filter>
    </ClInclude>
    <ClInclude Include="externals\imgui\imgui.h">
      <Filter>imgui</Filter>
    </ClInclude>
    <ClInclude Include="externals\imgui\imgui_impl_dx12.h">
      <Filter>imgui</Filter>
    </ClInclude>
    <ClInclude Include="externals\imgui\imgui_impl_win32.h">
      <Filter>imgui</Filter>
    </ClInclude>
    <ClInclude Include="externals\imgui\imgui_internal.h">
      <Filter>imgui</Filter>
    </ClInclude>
    <ClInclude Include="externals\imgui\imstb_rectpack.h">
      <Filter>imgui</Filter>
    </ClInclude>
    <ClInclude Include="externals\imgui\imstb_textedit.h">
      <Filter>imgui</Filter>
    </ClInclude>
    <ClInclude Include="externals\imgui\imstb_truetype.h">
      <Filter>imgui</Filter>
    </ClInclude>
    <ClInclude Include="Fngine.h">
      <Filter>ヘッダー ファイル</Filter>
    </ClInclude>
    <ClInclude Include="Music\Audio.h">
      <Filter>Music</Filter>
    </ClInclude>
    <ClInclude Include="Music\BGM.h">
      <Filter>Music</Filter>
    </ClInclude>
    <ClInclude Include="Music\Music.h">
      <Filter>Music</Filter>
    </ClInclude>
    <ClInclude Include="Music\SE.h">
      <Filter>Music</Filter>
    </ClInclude>
    <ClInclude Include="Input\InputManager.h">
      <Filter>Input</Filter>
    </ClInclude>
    <ClInclude Include="Input\Key.h">
      <Filter>Input</Filter>
    </ClInclude>
    <ClInclude Include="Input\Mouse.h">
      <Filter>Input</Filter>
    </ClInclude>
    <ClInclude Include="Common\Vector\Vector2.h">
      <Filter>Common\Vector</Filter>
    </ClInclude>
    <ClInclude Include="Common\Vector\Vector3.h">
      <Filter>Common\Vector</Filter>
    </ClInclude>
    <ClInclude Include="Common\Vector\Vector4.h">
      <Filter>Common\Vector</Filter>
    </ClInclude>
    <ClInclude Include="Common\Matrix\Matrix3x3.h">
      <Filter>Common\Matrix</Filter>
    </ClInclude>
    <ClInclude Include="Common\Matrix\Matrix4x4.h">
      <Filter>Common\Matrix</Filter>
    </ClInclude>
    <ClInclude Include="Advanced\Material.h">
      <Filter>Advanced</Filter>
    </ClInclude>
    <ClInclude Include="Advanced\Transform.h">
      <Filter>Advanced</Filter>
    </ClInclude>
    <ClInclude Include="Advanced\TransformationMatrix.h">
      <Filter>Advanced</Filter>
    </ClInclude>
    <ClInclude Include="Advanced\VertexData.h">
      <Filter>Advanced</Filter>
    </ClInclude>
    <ClInclude Include="Common\Structures.h">
      <Filter>Common</Filter>
    </ClInclude>
    <ClInclude Include="Common\Functions\Trigonometric.h">
      <Filter>Common\Functions</Filter>
    </ClInclude>
    <ClInclude Include="Core\Window.h">
      <Filter>Core</Filter>
    </ClInclude>
    <ClInclude Include="Core\Command\CommandList.h">
      <Filter>Core\Command</Filter>
    </ClInclude>
    <ClInclude Include="Core\Command\CommandQueue.h">
      <Filter>Core\Command</Filter>
    </ClInclude>
    <ClInclude Include="Core\Command\TheOrderCommand.h">
      <Filter>Core\Command</Filter>
    </ClInclude>
    <ClInclude Include="Core\D3D12System.h">
      <Filter>Core</Filter>
    </ClInclude>
    <ClInclude Include="Core\DXGI.h">
      <Filter>Core</Filter>
    </ClInclude>
    <ClInclude Include="Core\OmnisTechOracle.h">
      <Filter>Core</Filter>
    </ClInclude>
    <ClInclude Include="Core\TachyonSync.h">
      <Filter>Core</Filter>
    </ClInclude>
    <ClInclude Include="Core\DebugTeam\ErrorGuardian.h">
      <Filter>Core\DebugTeam</Filter>
    </ClInclude>
    <ClInclude Include="Core\DebugTeam\Log.h">
      <Filter>Core\DebugTeam</Filter>
    </ClInclude>
    <ClInclude Include="Core\DebugTeam\ImGuiManager.h">
      <Filter>Core\DebugTeam</Filter>
    </ClInclude>
    <ClInclude Include="ResourceView\RenderTargetView.h">
      <Filter>ResourceView</Filter>
    </ClInclude>
    <ClInclude Include="ResourceView\ShaderResourceView.h">
      <Filter>ResourceView</Filter>
    </ClInclude>
    <ClInclude Include="ResourceView\DepthStencil.h">
      <Filter>ResourceView</Filter>
    </ClInclude>
    <ClInclude Include="ResourceView\DescriptorHeap.h">
      <Filter>ResourceView</Filter>
    </ClInclude>
    <ClInclude Include="ResourceView\PipelineStateObject\BlendState.h">
      <Filter>ResourceView\PipelineStateObject</Filter>
    </ClInclude>
    <ClInclude Include="ResourceView\PipelineStateObject\DXC.h">
      <Filter>ResourceView\PipelineStateObject</Filter>
    </ClInclude>
    <ClInclude Include="ResourceView\PipelineStateObject\InputLayout.h">
      <Filter>ResourceView\PipelineStateObject</Filter>
    </ClInclude>
    <ClInclude Include="ResourceView\PipelineStateObject\RasterizerState.h">
      <Filter>ResourceView\PipelineStateObject</Filter>
    </ClInclude>
    <ClInclude Include="ResourceView\PipelineStateObject\RootSignature.h">
      <Filter>ResourceView\PipelineStateObject</Filter>
    </ClInclude>
    <ClInclude Include="ResourceView\Fence.h">
      <Filter>ResourceView</Filter>
    </ClInclude>
    <ClInclude Include="ResourceView\SwapChain.h">
      <Filter>ResourceView</Filter>
    </ClInclude>
    <ClInclude Include="ResourceView\PipelineStateObject\PipelineStateObject.h">
      <Filter>ResourceView\PipelineStateObject</Filter>
    </ClInclude>
    <ClInclude Include="Objects\Model\ModelData.h">
      <Filter>Objects\Model</Filter>
    </ClInclude>
    <ClInclude Include="Objects\Model\ModelObject.h">
      <Filter>Objects\Model</Filter>
    </ClInclude>
    <ClInclude Include="Objects\Primitive\SphereObject.h">
      <Filter>Objects\Primitive</Filter>
    </ClInclude>
    <ClInclude Include="Objects\Primitive\SpriteObject.h">
      <Filter>Objects\Primitive</Filter>
    </ClInclude>
    <ClInclude Include="Objects\Primitive\TriangleObject.h">
      <Filter>Objects\Primitive</Filter>
    </ClInclude>
    <ClInclude Include="Objects\ObjectBase.h">
      <Filter>Objects</Filter>
    </ClInclude>
    <ClInclude Include="ResourceView\ResourceBarrier.h">
      <Filter>ResourceView</Filter>
    </ClInclude>
    <ClInclude Include="ResourceView\ResourceFunc.h">
      <Filter>ResourceView</Filter>
    </ClInclude>
    <ClInclude Include="ResourceView\Texture.h">
      <Filter>ResourceView</Filter>
    </ClInclude>
    <ClInclude Include="UsefulTool\Camera\CameraBase.h">
      <Filter>UsefulTool\Camera</Filter>
    </ClInclude>
    <ClInclude Include="UsefulTool\Camera\DebugCamera.h">
      <Filter>UsefulTool\Camera</Filter>
    </ClInclude>
    <ClInclude Include="UsefulTool\Light\DirectionLight.h">
      <Filter>UsefulTool\Light</Filter>
    </ClInclude>
    <ClInclude Include="UsefulTool\OSR\OffScreenRendering.h">
      <Filter>UsefulTool\OSR</Filter>
    </ClInclude>
    <ClInclude Include="UsefulTool\Time\Chronos.h">
      <Filter>UsefulTool\Time</Filter>
    </ClInclude>
    <ClInclude Include="Advanced\AABB.h">
      <Filter>Advanced</Filter>
    </ClInclude>
    <ClInclude Include="Objects\Primitive\LineObject.h">
      <Filter>Objects\Primitive</Filter>
    </ClInclude>
    <ClInclude Include="Objects\ModelManager.h">
      <Filter>Objects</Filter>
    </ClInclude>
    <ClInclude Include="UsefulTool\Easing\Easing.h">
      <Filter>UsefulTool\Easing</Filter>
    </ClInclude>
    <ClInclude Include="UsefulTool\Random\RandomUtils.h">
      <Filter>UsefulTool\Random</Filter>
    </ClInclude>
    <ClInclude Include="Scene\Scene.h">
      <Filter>Scene</Filter>
    </ClInclude>
    <ClInclude Include="Scene\GameScene.h">
      <Filter>Scene</Filter>
    </ClInclude>
    <ClInclude Include="Scene\SceneDirector.h">
      <Filter>Scene</Filter>
    </ClInclude>
    <ClInclude Include="UsefulTool\GridLine\GridLine.h">
      <Filter>UsefulTool\GridLine</Filter>
    </ClInclude>
    <ClInclude Include="Player.h">
      <Filter>ヘッダー ファイル</Filter>
    </ClInclude>
    <ClInclude Include="Advanced\WorldTransform.h">
      <Filter>Advanced</Filter>
    </ClInclude>
    <ClInclude Include="Common\MathUtils\MathUtils.h">
      <Filter>Common\MathUtils</Filter>
    </ClInclude>
    <ClInclude Include="Enemy.h">
      <Filter>ヘッダー ファイル</Filter>
    </ClInclude>
    <ClInclude Include="EnemyState.h">
      <Filter>ヘッダー ファイル</Filter>
    </ClInclude>
    <ClInclude Include="TimedCall.h">
      <Filter>ヘッダー ファイル</Filter>
    </ClInclude>
    <ClInclude Include="Collider.h">
      <Filter>ヘッダー ファイル</Filter>
    </ClInclude>
    <ClInclude Include="CollisionManager.h">
      <Filter>ヘッダー ファイル</Filter>
    </ClInclude>
    <ClInclude Include="SkyDome.h">
      <Filter>ヘッダー ファイル</Filter>
    </ClInclude>
    <ClInclude Include="Ground.h">
      <Filter>ヘッダー ファイル</Filter>
    </ClInclude>
    <ClInclude Include="RailCameraController.h">
      <Filter>ヘッダー ファイル</Filter>
    </ClInclude>
    <ClInclude Include="GamePad.h">
      <Filter>ヘッダー ファイル</Filter>
    </ClInclude>
    <ClInclude Include="LockOn.h">
      <Filter>ヘッダー ファイル</Filter>
    </ClInclude>
  </ItemGroup>
  <ItemGroup>
    <Text Include="externals\imgui\LICENSE.txt">
      <Filter>imgui</Filter>
    </Text>
  </ItemGroup>
  <ItemGroup>
    <None Include="Object3d.hlsli">
      <Filter>リソース ファイル</Filter>
    </None>
  </ItemGroup>
</Project>